
Microsoft Visual Studio Solution File, Format Version 12.00
# Visual Studio Version 16
VisualStudioVersion = 16.0.28803.156
MinimumVisualStudioVersion = 10.0.40219.1
Project("{FAE04EC0-301F-11D3-BF4B-00C04F79EFBC}") = "ArFloodSimulator", "ArFloodSimulator\ArFloodSimulator.csproj", "{7CDC7F72-C65F-48FE-A56D-DB4E9FAE0AE6}"
EndProject
Project("{FAE04EC0-301F-11D3-BF4B-00C04F79EFBC}") = "DataLayer", "DataLayer\DataLayer.csproj", "{41910DF7-8E15-4A72-A24E-C98F1B11B3D8}"
EndProject
Project("{FAE04EC0-301F-11D3-BF4B-00C04F79EFBC}") = "Models", "Models\Models.csproj", "{457B5197-0403-42BB-BCD5-2DF7DC53A2B1}"
EndProject
Global
	GlobalSection(SolutionConfigurationPlatforms) = preSolution
		Debug|Any CPU = Debug|Any CPU
		Release|Any CPU = Release|Any CPU
	EndGlobalSection
	GlobalSection(ProjectConfigurationPlatforms) = postSolution
		{7CDC7F72-C65F-48FE-A56D-DB4E9FAE0AE6}.Debug|Any CPU.ActiveCfg = Debug|Any CPU
		{7CDC7F72-C65F-48FE-A56D-DB4E9FAE0AE6}.Debug|Any CPU.Build.0 = Debug|Any CPU
		{7CDC7F72-C65F-48FE-A56D-DB4E9FAE0AE6}.Release|Any CPU.ActiveCfg = Release|Any CPU
		{7CDC7F72-C65F-48FE-A56D-DB4E9FAE0AE6}.Release|Any CPU.Build.0 = Release|Any CPU
		{41910DF7-8E15-4A72-A24E-C98F1B11B3D8}.Debug|Any CPU.ActiveCfg = Debug|Any CPU
		{41910DF7-8E15-4A72-A24E-C98F1B11B3D8}.Debug|Any CPU.Build.0 = Debug|Any CPU
		{41910DF7-8E15-4A72-A24E-C98F1B11B3D8}.Release|Any CPU.ActiveCfg = Release|Any CPU
		{41910DF7-8E15-4A72-A24E-C98F1B11B3D8}.Release|Any CPU.Build.0 = Release|Any CPU
		{457B5197-0403-42BB-BCD5-2DF7DC53A2B1}.Debug|Any CPU.ActiveCfg = Debug|Any CPU
		{457B5197-0403-42BB-BCD5-2DF7DC53A2B1}.Debug|Any CPU.Build.0 = Debug|Any CPU
		{457B5197-0403-42BB-BCD5-2DF7DC53A2B1}.Release|Any CPU.ActiveCfg = Release|Any CPU
		{457B5197-0403-42BB-BCD5-2DF7DC53A2B1}.Release|Any CPU.Build.0 = Release|Any CPU
	EndGlobalSection
	GlobalSection(SolutionProperties) = preSolution
		HideSolutionNode = FALSE
	EndGlobalSection
	GlobalSection(ExtensibilityGlobals) = postSolution
		SolutionGuid = {1EB10B90-4B88-4F86-AE44-1D5FE1A06596}
	EndGlobalSection
EndGlobal
