
Microsoft Visual Studio Solution File, Format Version 12.00
# Visual Studio 15
VisualStudioVersion = 15.0.28307.329
MinimumVisualStudioVersion = 10.0.40219.1
Project("{FAE04EC0-301F-11D3-BF4B-00C04F79EFBC}") = "firebase_csharp", "firebase_csharp\firebase_csharp.csproj", "{0E7D1643-004B-45F5-A6C0-1A6F45615154}"
EndProject
Global
	GlobalSection(SolutionConfigurationPlatforms) = preSolution
		Debug|Any CPU = Debug|Any CPU
		Release|Any CPU = Release|Any CPU
	EndGlobalSection
	GlobalSection(ProjectConfigurationPlatforms) = postSolution
		{0E7D1643-004B-45F5-A6C0-1A6F45615154}.Debug|Any CPU.ActiveCfg = Debug|Any CPU
		{0E7D1643-004B-45F5-A6C0-1A6F45615154}.Debug|Any CPU.Build.0 = Debug|Any CPU
		{0E7D1643-004B-45F5-A6C0-1A6F45615154}.Release|Any CPU.ActiveCfg = Release|Any CPU
		{0E7D1643-004B-45F5-A6C0-1A6F45615154}.Release|Any CPU.Build.0 = Release|Any CPU
	EndGlobalSection
	GlobalSection(SolutionProperties) = preSolution
		HideSolutionNode = FALSE
	EndGlobalSection
	GlobalSection(ExtensibilityGlobals) = postSolution
		SolutionGuid = {B4F8750B-D68D-4D52-B29F-2C9FF4BFBB48}
	EndGlobalSection
EndGlobal
