
Microsoft Visual Studio Solution File, Format Version 12.00
# Visual Studio 15
VisualStudioVersion = 15.0.28307.329
MinimumVisualStudioVersion = 10.0.40219.1
Project("{FAE04EC0-301F-11D3-BF4B-00C04F79EFBC}") = "harness", "harness\harness.csproj", "{D1F4D658-F361-462F-B384-B0124D305F4B}"
EndProject
Global
	GlobalSection(SolutionConfigurationPlatforms) = preSolution
		Debug|Any CPU = Debug|Any CPU
		Release|Any CPU = Release|Any CPU
	EndGlobalSection
	GlobalSection(ProjectConfigurationPlatforms) = postSolution
		{D1F4D658-F361-462F-B384-B0124D305F4B}.Debug|Any CPU.ActiveCfg = Debug|Any CPU
		{D1F4D658-F361-462F-B384-B0124D305F4B}.Debug|Any CPU.Build.0 = Debug|Any CPU
		{D1F4D658-F361-462F-B384-B0124D305F4B}.Release|Any CPU.ActiveCfg = Release|Any CPU
		{D1F4D658-F361-462F-B384-B0124D305F4B}.Release|Any CPU.Build.0 = Release|Any CPU
	EndGlobalSection
	GlobalSection(SolutionProperties) = preSolution
		HideSolutionNode = FALSE
	EndGlobalSection
	GlobalSection(ExtensibilityGlobals) = postSolution
		SolutionGuid = {B1E5904F-56A0-4A10-A323-812A05787C13}
	EndGlobalSection
EndGlobal
